
Microsoft Visual Studio Solution File, Format Version 12.00
# Visual Studio Version 17
VisualStudioVersion = 17.9.34622.214
MinimumVisualStudioVersion = 10.0.40219.1
Project("{FAE04EC0-301F-11D3-BF4B-00C04F79EFBC}") = "Merkit.BRC.RPA", "Merkit.BRC.RPA\Merkit.BRC.RPA.csproj", "{53B22337-95F3-491D-B0FA-743CA776CC3A}"
EndProject
Project("{FAE04EC0-301F-11D3-BF4B-00C04F79EFBC}") = "UnitTest", "UnitTest\UnitTest.csproj", "{F3610E75-AD95-4C93-B3EB-22978D6AEBC7}"
EndProject
Project("{00D1A9C2-B5F0-4AF3-8072-F6C62B433612}") = "BRC_EnterHungary_Db", "BRC_EnterHungary_Db\BRC_EnterHungary_Db.sqlproj", "{D8444319-1155-4D36-AE92-9D7D3D7A2196}"
EndProject
Global
	GlobalSection(SolutionConfigurationPlatforms) = preSolution
		Debug|Any CPU = Debug|Any CPU
		Release|Any CPU = Release|Any CPU
	EndGlobalSection
	GlobalSection(ProjectConfigurationPlatforms) = postSolution
		{53B22337-95F3-491D-B0FA-743CA776CC3A}.Debug|Any CPU.ActiveCfg = Debug|Any CPU
		{53B22337-95F3-491D-B0FA-743CA776CC3A}.Debug|Any CPU.Build.0 = Debug|Any CPU
		{53B22337-95F3-491D-B0FA-743CA776CC3A}.Release|Any CPU.ActiveCfg = Release|Any CPU
		{53B22337-95F3-491D-B0FA-743CA776CC3A}.Release|Any CPU.Build.0 = Release|Any CPU
		{F3610E75-AD95-4C93-B3EB-22978D6AEBC7}.Debug|Any CPU.ActiveCfg = Debug|Any CPU
		{F3610E75-AD95-4C93-B3EB-22978D6AEBC7}.Debug|Any CPU.Build.0 = Debug|Any CPU
		{F3610E75-AD95-4C93-B3EB-22978D6AEBC7}.Release|Any CPU.ActiveCfg = Release|Any CPU
		{F3610E75-AD95-4C93-B3EB-22978D6AEBC7}.Release|Any CPU.Build.0 = Release|Any CPU
		{D8444319-1155-4D36-AE92-9D7D3D7A2196}.Debug|Any CPU.ActiveCfg = Debug|Any CPU
		{D8444319-1155-4D36-AE92-9D7D3D7A2196}.Debug|Any CPU.Build.0 = Debug|Any CPU
		{D8444319-1155-4D36-AE92-9D7D3D7A2196}.Debug|Any CPU.Deploy.0 = Debug|Any CPU
		{D8444319-1155-4D36-AE92-9D7D3D7A2196}.Release|Any CPU.ActiveCfg = Release|Any CPU
		{D8444319-1155-4D36-AE92-9D7D3D7A2196}.Release|Any CPU.Build.0 = Release|Any CPU
		{D8444319-1155-4D36-AE92-9D7D3D7A2196}.Release|Any CPU.Deploy.0 = Release|Any CPU
	EndGlobalSection
	GlobalSection(SolutionProperties) = preSolution
		HideSolutionNode = FALSE
	EndGlobalSection
	GlobalSection(ExtensibilityGlobals) = postSolution
		SolutionGuid = {6190A8B0-FC49-4588-959E-28FCE5081DB7}
	EndGlobalSection
EndGlobal
